
Microsoft Visual Studio Solution File, Format Version 12.00
# Visual Studio Version 18
VisualStudioVersion = 18.0.11222.15 d18.0
MinimumVisualStudioVersion = 10.0.40219.1
Project("{FAE04EC0-301F-11D3-BF4B-00C04F79EFBC}") = "ESGDiversity.API", "ESGDiversity.API.csproj", "{6F761CE1-6A09-9FA9-4BB4-A716A836B01B}"
EndProject
Global
	GlobalSection(SolutionConfigurationPlatforms) = preSolution
		Debug|Any CPU = Debug|Any CPU
		Release|Any CPU = Release|Any CPU
	EndGlobalSection
	GlobalSection(ProjectConfigurationPlatforms) = postSolution
		{6F761CE1-6A09-9FA9-4BB4-A716A836B01B}.Debug|Any CPU.ActiveCfg = Debug|Any CPU
		{6F761CE1-6A09-9FA9-4BB4-A716A836B01B}.Debug|Any CPU.Build.0 = Debug|Any CPU
		{6F761CE1-6A09-9FA9-4BB4-A716A836B01B}.Release|Any CPU.ActiveCfg = Release|Any CPU
		{6F761CE1-6A09-9FA9-4BB4-A716A836B01B}.Release|Any CPU.Build.0 = Release|Any CPU
	EndGlobalSection
	GlobalSection(SolutionProperties) = preSolution
		HideSolutionNode = FALSE
	EndGlobalSection
	GlobalSection(ExtensibilityGlobals) = postSolution
		SolutionGuid = {4F65B56E-8195-4F86-B9A2-ECDB3132CD57}
	EndGlobalSection
EndGlobal
